# THIS IS AN AUTOGENERATED FILE. DO NOT EDIT THIS FILE DIRECTLY.
# yarn lockfile v1


babel-runtime@^6.23.0:
  version "6.23.0"
  resolved "https://registry.yarnpkg.com/babel-runtime/-/babel-runtime-6.23.0.tgz#0a9489f144de70efb3ce4300accdb329e2fc543b"
  dependencies:
    core-js "^2.4.0"
    regenerator-runtime "^0.10.0"

cemento@^0.16.0:
  version "0.16.0"
  resolved "https://registry.yarnpkg.com/cemento/-/cemento-0.16.0.tgz#f01b603b50437b182fba2478c7882d13019e3638"
  dependencies:
    babel-runtime "^6.23.0"
    harden "^0.22.0"
    kount "^0.11.0"

cobralize@^0.15.0:
  version "0.15.0"
  resolved "https://registry.yarnpkg.com/cobralize/-/cobralize-0.15.0.tgz#bfa8874269a30e5ad8154d2f42e3fbf17c76c526"
  dependencies:
    babel-runtime "^6.23.0"
    disdo "^0.15.0"
    falzy "^0.20.0"
    protype "^0.22.0"

core-js@^2.4.0:
  version "2.4.1"
  resolved "https://registry.yarnpkg.com/core-js/-/core-js-2.4.1.tgz#4de911e667b0eae9124e34254b53aea6fc618d3e"

disdo@^0.15.0:
  version "0.15.0"
  resolved "https://registry.yarnpkg.com/disdo/-/disdo-0.15.0.tgz#169a6f490d41e4116328e85382a04d98307a320d"
  dependencies:
    babel-runtime "^6.23.0"
    falzy "^0.20.0"
    protype "^0.22.0"

falzy@^0.20.0:
  version "0.20.0"
  resolved "https://registry.yarnpkg.com/falzy/-/falzy-0.20.0.tgz#3835232fb4c16702cfefd240e671381a13111de8"
  dependencies:
    babel-runtime "^6.23.0"

harden@^0.22.0:
  version "0.22.0"
  resolved "https://registry.yarnpkg.com/harden/-/harden-0.22.0.tgz#1bcd6cdfd8ce60726009053981b9b37875a2404b"
  dependencies:
    babel-runtime "^6.23.0"

kount@^0.11.0:
  version "0.11.0"
  resolved "https://registry.yarnpkg.com/kount/-/kount-0.11.0.tgz#99775ed4a1b096e8ef5547f60d63e59f1d3e5b84"
  dependencies:
    babel-runtime "^6.23.0"

protype@^0.22.0:
  version "0.22.0"
  resolved "https://registry.yarnpkg.com/protype/-/protype-0.22.0.tgz#b4929f8394747e031f92cfd08e9ec6ec8f6b85c1"
  dependencies:
    babel-runtime "^6.23.0"
    cemento "^0.16.0"
    harden "^0.22.0"

regenerator-runtime@^0.10.0:
  version "0.10.5"
  resolved "https://registry.yarnpkg.com/regenerator-runtime/-/regenerator-runtime-0.10.5.tgz#336c3efc1220adcedda2c9fab67b5a7955a33658"

shardize@^0.16.0:
  version "0.16.0"
  resolved "https://registry.yarnpkg.com/shardize/-/shardize-0.16.0.tgz#9e6e69a38281c698fae9551a4b07f46e53b374d4"
  dependencies:
    babel-runtime "^6.23.0"
    disdo "^0.15.0"
    falzy "^0.20.0"
    protype "^0.22.0"
