# THIS IS AN AUTOGENERATED FILE. DO NOT EDIT THIS FILE DIRECTLY.
# yarn lockfile v1


babel-runtime@^6.23.0:
  version "6.23.0"
  resolved "https://registry.yarnpkg.com/babel-runtime/-/babel-runtime-6.23.0.tgz#0a9489f144de70efb3ce4300accdb329e2fc543b"
  dependencies:
    core-js "^2.4.0"
    regenerator-runtime "^0.10.0"

cemento@^0.15.0:
  version "0.15.0"
  resolved "https://registry.yarnpkg.com/cemento/-/cemento-0.15.0.tgz#77fe5818c3c67975d47f974df052bea9739ff5a5"
  dependencies:
    babel-runtime "^6.23.0"
    harden "^0.21.0"
    kount "^0.10.0"

cobralize@^0.13.0:
  version "0.13.0"
  resolved "https://registry.yarnpkg.com/cobralize/-/cobralize-0.13.0.tgz#d430dbdc0702aca889df50c7812f14a71c5a5283"
  dependencies:
    babel-runtime "^6.23.0"
    disdo "^0.13.0"
    falzy "^0.17.0"
    protype "^0.21.0"

core-js@^2.4.0:
  version "2.4.1"
  resolved "https://registry.yarnpkg.com/core-js/-/core-js-2.4.1.tgz#4de911e667b0eae9124e34254b53aea6fc618d3e"

disdo@^0.13.0:
  version "0.13.0"
  resolved "https://registry.yarnpkg.com/disdo/-/disdo-0.13.0.tgz#cb999e639218aa2265e8c0bd8632337dd1c55418"
  dependencies:
    babel-runtime "^6.23.0"
    falzy "^0.17.0"
    protype "^0.21.0"

falzy@^0.17.0:
  version "0.17.0"
  resolved "https://registry.yarnpkg.com/falzy/-/falzy-0.17.0.tgz#228535d605ae8d1a0ccd44f185d7534636a166fe"
  dependencies:
    babel-runtime "^6.23.0"
    protype "^0.21.0"

harden@^0.21.0:
  version "0.21.0"
  resolved "https://registry.yarnpkg.com/harden/-/harden-0.21.0.tgz#c3ca5e255e440fc5e6e996acb21515bb892bff49"
  dependencies:
    babel-runtime "^6.23.0"

kount@^0.10.0:
  version "0.10.0"
  resolved "https://registry.yarnpkg.com/kount/-/kount-0.10.0.tgz#92f6dc18a5c8e8844e29a93aec268b58ad92f53b"
  dependencies:
    babel-runtime "^6.23.0"

protype@^0.21.0:
  version "0.21.0"
  resolved "https://registry.yarnpkg.com/protype/-/protype-0.21.0.tgz#958452abbaa6daaa8e79386179b220477e2dca7c"
  dependencies:
    babel-runtime "^6.23.0"
    cemento "^0.15.0"
    harden "^0.21.0"

regenerator-runtime@^0.10.0:
  version "0.10.3"
  resolved "https://registry.yarnpkg.com/regenerator-runtime/-/regenerator-runtime-0.10.3.tgz#8c4367a904b51ea62a908ac310bf99ff90a82a3e"

shardize@^0.14.0:
  version "0.14.0"
  resolved "https://registry.yarnpkg.com/shardize/-/shardize-0.14.0.tgz#e52e5ba9f8338d49d27f5d1acd2fc5a9ce718c0e"
  dependencies:
    babel-runtime "^6.23.0"
    disdo "^0.13.0"
    falzy "^0.17.0"
    protype "^0.21.0"
