# THIS IS AN AUTOGENERATED FILE. DO NOT EDIT THIS FILE DIRECTLY.
# yarn lockfile v1


babel-runtime@^6.23.0:
  version "6.23.0"
  resolved "https://registry.yarnpkg.com/babel-runtime/-/babel-runtime-6.23.0.tgz#0a9489f144de70efb3ce4300accdb329e2fc543b"
  dependencies:
    core-js "^2.4.0"
    regenerator-runtime "^0.10.0"

cemento@^0.14.0:
  version "0.14.0"
  resolved "https://registry.yarnpkg.com/cemento/-/cemento-0.14.0.tgz#c8de6bc16c4db7bf1d963563fcec21cf855b6c74"
  dependencies:
    babel-runtime "^6.23.0"
    harden "^0.19.0"
    kount "^0.10.0"

cobralize@^0.11.0:
  version "0.11.0"
  resolved "https://registry.yarnpkg.com/cobralize/-/cobralize-0.11.0.tgz#55300172b676321a197ad1b38d1e07a9df6ca53a"
  dependencies:
    babel-runtime "^6.23.0"
    disdo "^0.11.0"
    falzy "^0.16.0"
    protype "^0.20.0"

core-js@^2.4.0:
  version "2.4.1"
  resolved "https://registry.yarnpkg.com/core-js/-/core-js-2.4.1.tgz#4de911e667b0eae9124e34254b53aea6fc618d3e"

disdo@^0.11.0:
  version "0.11.0"
  resolved "https://registry.yarnpkg.com/disdo/-/disdo-0.11.0.tgz#e30b0fb1c5817a6c2e371dd5db88c0722d92d67d"
  dependencies:
    babel-runtime "^6.23.0"
    falzy "^0.16.0"
    protype "^0.20.0"

falzy@^0.16.0:
  version "0.16.0"
  resolved "https://registry.yarnpkg.com/falzy/-/falzy-0.16.0.tgz#32f9e193128d23903a5dad3ceafc0ca89550b6b2"
  dependencies:
    babel-runtime "^6.23.0"
    protype "^0.20.0"

harden@^0.19.0:
  version "0.19.0"
  resolved "https://registry.yarnpkg.com/harden/-/harden-0.19.0.tgz#04385f850ec8eac62a40e5553e245e0286fe2426"
  dependencies:
    babel-runtime "^6.23.0"

kount@^0.10.0:
  version "0.10.0"
  resolved "https://registry.yarnpkg.com/kount/-/kount-0.10.0.tgz#92f6dc18a5c8e8844e29a93aec268b58ad92f53b"
  dependencies:
    babel-runtime "^6.23.0"

protype@^0.20.0:
  version "0.20.0"
  resolved "https://registry.yarnpkg.com/protype/-/protype-0.20.0.tgz#286647abdbd527f067754debae77bdc38d449a5e"
  dependencies:
    babel-runtime "^6.23.0"
    cemento "^0.14.0"
    harden "^0.19.0"

regenerator-runtime@^0.10.0:
  version "0.10.3"
  resolved "https://registry.yarnpkg.com/regenerator-runtime/-/regenerator-runtime-0.10.3.tgz#8c4367a904b51ea62a908ac310bf99ff90a82a3e"

shardize@^0.12.0:
  version "0.12.0"
  resolved "https://registry.yarnpkg.com/shardize/-/shardize-0.12.0.tgz#49f6d094d3de1ff8f29363d3486cefbe8ad15872"
  dependencies:
    babel-runtime "^6.23.0"
    disdo "^0.11.0"
    falzy "^0.16.0"
    protype "^0.20.0"
